{
    "_readme": [
        "This file locks the dependencies of your project to a known state",
        "Read more about it at https://getcomposer.org/doc/01-basic-usage.md#composer-lock-the-lock-file",
        "This file is @generated automatically"
    ],
    "content-hash": "dc77427eb6ae45105ab32e8cd58f5d3e",
    "packages": [
        {
            "name": "aryelgois/utils",
            "version": "dev-master",
            "source": {
                "type": "git",
                "url": "https://github.com/aryelgois/Utils.git",
                "reference": "400fdd9d4677118cef25b31e97d743f72787ad33"
            },
            "dist": {
                "type": "zip",
                "url": "https://api.github.com/repos/aryelgois/Utils/zipball/400fdd9d4677118cef25b31e97d743f72787ad33",
                "reference": "400fdd9d4677118cef25b31e97d743f72787ad33",
                "shasum": ""
            },
            "require": {
                "php": "^7.0"
            },
            "type": "library",
            "autoload": {
                "psr-4": {
                    "aryelgois\\Utils\\": "src/"
                }
            },
            "notification-url": "https://packagist.org/downloads/",
            "license": [
                "MIT"
            ],
            "authors": [
                {
                    "name": "Aryel Mota Góis",
                    "role": "Developer"
                }
            ],
            "description": "Useful methods for not repeating myself",
            "keywords": [
                "utils"
            ],
            "time": "2017-09-10T14:40:25+00:00"
        }
    ],
    "packages-dev": [],
    "aliases": [],
    "minimum-stability": "stable",
    "stability-flags": {
        "aryelgois/utils": 20
    },
    "prefer-stable": false,
    "prefer-lowest": false,
    "platform": {
        "php": "^7.0"
    },
    "platform-dev": []
}
